
Microsoft Visual Studio Solution File, Format Version 12.00
# Visual Studio 15
VisualStudioVersion = 15.0.26228.9
MinimumVisualStudioVersion = 10.0.40219.1
Project("{FAE04EC0-301F-11D3-BF4B-00C04F79EFBC}") = "EzCMS.Web", "EzCMS\EzCMS.Web\EzCMS.Web.csproj", "{99F01414-B8C0-471D-BF0B-7197B1ACE049}"
	ProjectSection(ProjectDependencies) = postProject
		{C864E852-11AE-4E1F-A2CE-B4E48B0AD4B1} = {C864E852-11AE-4E1F-A2CE-B4E48B0AD4B1}
	EndProjectSection
EndProject
Project("{FAE04EC0-301F-11D3-BF4B-00C04F79EFBC}") = "EzCMS.Core", "EzCMS\EzCMS.Core\EzCMS.Core.csproj", "{C864E852-11AE-4E1F-A2CE-B4E48B0AD4B1}"
EndProject
Project("{2150E333-8FDC-42A3-9474-1A3956D46DE8}") = "Plugins", "Plugins", "{DCD800D3-8A54-4360-8A57-CD4B5157BEAC}"
EndProject
Project("{FAE04EC0-301F-11D3-BF4B-00C04F79EFBC}") = "EzCMS.CheckResources", "EzCMS\EzCMS.CheckResources\EzCMS.CheckResources.csproj", "{318C033F-4F2C-4638-99CD-9459BC2AF581}"
EndProject
Project("{2150E333-8FDC-42A3-9474-1A3956D46DE8}") = "Applications", "Applications", "{332D6165-6032-4CE6-AA70-E3BFB2FCFA2F}"
EndProject
Project("{2150E333-8FDC-42A3-9474-1A3956D46DE8}") = "Framework", "Framework", "{B9878438-4CE6-4000-B05C-60BDD0AD3B29}"
EndProject
Project("{2150E333-8FDC-42A3-9474-1A3956D46DE8}") = "CMS", "CMS", "{2126CAAD-DBDF-47AC-8869-D86B5B7E2690}"
EndProject
Project("{FAE04EC0-301F-11D3-BF4B-00C04F79EFBC}") = "EzCMS.Entity", "EzCMS\EzCMS.Entity\EzCMS.Entity.csproj", "{887ADA4E-4E67-418D-94AF-303A655FEB4E}"
EndProject
Project("{FAE04EC0-301F-11D3-BF4B-00C04F79EFBC}") = "Ez.Framework", "Framework\Ez.Framework\Ez.Framework.csproj", "{E4C5A7DB-DBE4-4B52-8BFB-9C5AE0FD3D9F}"
EndProject
Project("{2150E333-8FDC-42A3-9474-1A3956D46DE8}") = ".nuget", ".nuget", "{B8D47608-308F-4AED-B5FC-1FA4050748EE}"
	ProjectSection(SolutionItems) = preProject
		.nuget\NuGet.Config = .nuget\NuGet.Config
		.nuget\NuGet.exe = .nuget\NuGet.exe
		.nuget\NuGet.targets = .nuget\NuGet.targets
	EndProjectSection
EndProject
Project("{2150E333-8FDC-42A3-9474-1A3956D46DE8}") = ".notes", ".notes", "{CFB1C1EF-E775-47BF-BA55-2C76E8659BD5}"
	ProjectSection(SolutionItems) = preProject
		RoadMap.txt = RoadMap.txt
	EndProjectSection
EndProject
Project("{FAE04EC0-301F-11D3-BF4B-00C04F79EFBC}") = "EzCMS.Help", "EzCMS\EzCMS.Web\Plugins\EzCMS.Help\EzCMS.Help.csproj", "{93E5761C-C8BB-4184-AE30-5EFDF68BCE6A}"
EndProject
Project("{2150E333-8FDC-42A3-9474-1A3956D46DE8}") = "Test", "Test", "{79EB2EB8-FEB2-4716-BF2B-A30E6FF53A09}"
EndProject
Project("{2150E333-8FDC-42A3-9474-1A3956D46DE8}") = "Framework", "Framework", "{06CCD133-CC9F-47F9-8CB1-4A49A21FFF89}"
EndProject
Project("{2150E333-8FDC-42A3-9474-1A3956D46DE8}") = "CMS", "CMS", "{EF705486-716F-4610-BA93-38F557EB56D4}"
EndProject
Project("{2150E333-8FDC-42A3-9474-1A3956D46DE8}") = "Plugins", "Plugins", "{6007C20C-75E3-4D1F-8947-DE28323B0997}"
EndProject
Project("{FAE04EC0-301F-11D3-BF4B-00C04F79EFBC}") = "EzCMS.Core.Tests", "Test\EzCMS\EzCMS.Core.Tests\EzCMS.Core.Tests.csproj", "{DB046367-EAB5-4FFA-81C8-0EA2F5503E7D}"
EndProject
Project("{FAE04EC0-301F-11D3-BF4B-00C04F79EFBC}") = "EzCMS.Entity.Tests", "Test\EzCMS\EzCMS.Entity.Tests\EzCMS.Entity.Tests.csproj", "{8EDF4429-251A-416D-BB68-93F227191BCF}"
EndProject
Project("{FAE04EC0-301F-11D3-BF4B-00C04F79EFBC}") = "Ez.Framework.Tests", "Test\Framework\Ez.Framework.Tests\Ez.Framework.Tests.csproj", "{234EB284-3565-484E-A08D-86B857CACC78}"
EndProject
Project("{FAE04EC0-301F-11D3-BF4B-00C04F79EFBC}") = "EzCMS.Web.Tests", "Test\EzCMS\EzCMS.Web.Tests\EzCMS.Web.Tests.csproj", "{D8F8CFE3-DCB1-4FAC-BC36-757B486EF33C}"
EndProject
Global
	GlobalSection(SolutionConfigurationPlatforms) = preSolution
		Debug|Any CPU = Debug|Any CPU
		Release|Any CPU = Release|Any CPU
	EndGlobalSection
	GlobalSection(ProjectConfigurationPlatforms) = postSolution
		{99F01414-B8C0-471D-BF0B-7197B1ACE049}.Debug|Any CPU.ActiveCfg = Debug|Any CPU
		{99F01414-B8C0-471D-BF0B-7197B1ACE049}.Debug|Any CPU.Build.0 = Debug|Any CPU
		{99F01414-B8C0-471D-BF0B-7197B1ACE049}.Release|Any CPU.ActiveCfg = Release|Any CPU
		{99F01414-B8C0-471D-BF0B-7197B1ACE049}.Release|Any CPU.Build.0 = Release|Any CPU
		{C864E852-11AE-4E1F-A2CE-B4E48B0AD4B1}.Debug|Any CPU.ActiveCfg = Debug|Any CPU
		{C864E852-11AE-4E1F-A2CE-B4E48B0AD4B1}.Debug|Any CPU.Build.0 = Debug|Any CPU
		{C864E852-11AE-4E1F-A2CE-B4E48B0AD4B1}.Release|Any CPU.ActiveCfg = Release|Any CPU
		{C864E852-11AE-4E1F-A2CE-B4E48B0AD4B1}.Release|Any CPU.Build.0 = Release|Any CPU
		{318C033F-4F2C-4638-99CD-9459BC2AF581}.Debug|Any CPU.ActiveCfg = Debug|Any CPU
		{318C033F-4F2C-4638-99CD-9459BC2AF581}.Debug|Any CPU.Build.0 = Debug|Any CPU
		{318C033F-4F2C-4638-99CD-9459BC2AF581}.Release|Any CPU.ActiveCfg = Release|Any CPU
		{318C033F-4F2C-4638-99CD-9459BC2AF581}.Release|Any CPU.Build.0 = Release|Any CPU
		{887ADA4E-4E67-418D-94AF-303A655FEB4E}.Debug|Any CPU.ActiveCfg = Debug|Any CPU
		{887ADA4E-4E67-418D-94AF-303A655FEB4E}.Debug|Any CPU.Build.0 = Debug|Any CPU
		{887ADA4E-4E67-418D-94AF-303A655FEB4E}.Release|Any CPU.ActiveCfg = Release|Any CPU
		{887ADA4E-4E67-418D-94AF-303A655FEB4E}.Release|Any CPU.Build.0 = Release|Any CPU
		{E4C5A7DB-DBE4-4B52-8BFB-9C5AE0FD3D9F}.Debug|Any CPU.ActiveCfg = Debug|Any CPU
		{E4C5A7DB-DBE4-4B52-8BFB-9C5AE0FD3D9F}.Debug|Any CPU.Build.0 = Debug|Any CPU
		{E4C5A7DB-DBE4-4B52-8BFB-9C5AE0FD3D9F}.Release|Any CPU.ActiveCfg = Release|Any CPU
		{E4C5A7DB-DBE4-4B52-8BFB-9C5AE0FD3D9F}.Release|Any CPU.Build.0 = Release|Any CPU
		{93E5761C-C8BB-4184-AE30-5EFDF68BCE6A}.Debug|Any CPU.ActiveCfg = Debug|Any CPU
		{93E5761C-C8BB-4184-AE30-5EFDF68BCE6A}.Debug|Any CPU.Build.0 = Debug|Any CPU
		{93E5761C-C8BB-4184-AE30-5EFDF68BCE6A}.Release|Any CPU.ActiveCfg = Release|Any CPU
		{93E5761C-C8BB-4184-AE30-5EFDF68BCE6A}.Release|Any CPU.Build.0 = Release|Any CPU
		{DB046367-EAB5-4FFA-81C8-0EA2F5503E7D}.Debug|Any CPU.ActiveCfg = Debug|Any CPU
		{DB046367-EAB5-4FFA-81C8-0EA2F5503E7D}.Debug|Any CPU.Build.0 = Debug|Any CPU
		{DB046367-EAB5-4FFA-81C8-0EA2F5503E7D}.Release|Any CPU.ActiveCfg = Release|Any CPU
		{DB046367-EAB5-4FFA-81C8-0EA2F5503E7D}.Release|Any CPU.Build.0 = Release|Any CPU
		{8EDF4429-251A-416D-BB68-93F227191BCF}.Debug|Any CPU.ActiveCfg = Debug|Any CPU
		{8EDF4429-251A-416D-BB68-93F227191BCF}.Debug|Any CPU.Build.0 = Debug|Any CPU
		{8EDF4429-251A-416D-BB68-93F227191BCF}.Release|Any CPU.ActiveCfg = Release|Any CPU
		{8EDF4429-251A-416D-BB68-93F227191BCF}.Release|Any CPU.Build.0 = Release|Any CPU
		{234EB284-3565-484E-A08D-86B857CACC78}.Debug|Any CPU.ActiveCfg = Debug|Any CPU
		{234EB284-3565-484E-A08D-86B857CACC78}.Debug|Any CPU.Build.0 = Debug|Any CPU
		{234EB284-3565-484E-A08D-86B857CACC78}.Release|Any CPU.ActiveCfg = Release|Any CPU
		{234EB284-3565-484E-A08D-86B857CACC78}.Release|Any CPU.Build.0 = Release|Any CPU
		{D8F8CFE3-DCB1-4FAC-BC36-757B486EF33C}.Debug|Any CPU.ActiveCfg = Debug|Any CPU
		{D8F8CFE3-DCB1-4FAC-BC36-757B486EF33C}.Debug|Any CPU.Build.0 = Debug|Any CPU
		{D8F8CFE3-DCB1-4FAC-BC36-757B486EF33C}.Release|Any CPU.ActiveCfg = Release|Any CPU
		{D8F8CFE3-DCB1-4FAC-BC36-757B486EF33C}.Release|Any CPU.Build.0 = Release|Any CPU
	EndGlobalSection
	GlobalSection(SolutionProperties) = preSolution
		HideSolutionNode = FALSE
	EndGlobalSection
	GlobalSection(NestedProjects) = preSolution
		{99F01414-B8C0-471D-BF0B-7197B1ACE049} = {2126CAAD-DBDF-47AC-8869-D86B5B7E2690}
		{C864E852-11AE-4E1F-A2CE-B4E48B0AD4B1} = {2126CAAD-DBDF-47AC-8869-D86B5B7E2690}
		{DCD800D3-8A54-4360-8A57-CD4B5157BEAC} = {2126CAAD-DBDF-47AC-8869-D86B5B7E2690}
		{318C033F-4F2C-4638-99CD-9459BC2AF581} = {332D6165-6032-4CE6-AA70-E3BFB2FCFA2F}
		{332D6165-6032-4CE6-AA70-E3BFB2FCFA2F} = {2126CAAD-DBDF-47AC-8869-D86B5B7E2690}
		{887ADA4E-4E67-418D-94AF-303A655FEB4E} = {2126CAAD-DBDF-47AC-8869-D86B5B7E2690}
		{E4C5A7DB-DBE4-4B52-8BFB-9C5AE0FD3D9F} = {B9878438-4CE6-4000-B05C-60BDD0AD3B29}
		{93E5761C-C8BB-4184-AE30-5EFDF68BCE6A} = {DCD800D3-8A54-4360-8A57-CD4B5157BEAC}
		{06CCD133-CC9F-47F9-8CB1-4A49A21FFF89} = {79EB2EB8-FEB2-4716-BF2B-A30E6FF53A09}
		{EF705486-716F-4610-BA93-38F557EB56D4} = {79EB2EB8-FEB2-4716-BF2B-A30E6FF53A09}
		{6007C20C-75E3-4D1F-8947-DE28323B0997} = {EF705486-716F-4610-BA93-38F557EB56D4}
		{DB046367-EAB5-4FFA-81C8-0EA2F5503E7D} = {EF705486-716F-4610-BA93-38F557EB56D4}
		{8EDF4429-251A-416D-BB68-93F227191BCF} = {EF705486-716F-4610-BA93-38F557EB56D4}
		{234EB284-3565-484E-A08D-86B857CACC78} = {06CCD133-CC9F-47F9-8CB1-4A49A21FFF89}
		{D8F8CFE3-DCB1-4FAC-BC36-757B486EF33C} = {EF705486-716F-4610-BA93-38F557EB56D4}
	EndGlobalSection
	GlobalSection(SubversionScc) = preSolution
		Svn-Managed = True
		Manager = AnkhSVN - Subversion Support for Visual Studio
	EndGlobalSection
EndGlobal
